
Microsoft Visual Studio Solution File, Format Version 12.00
# Visual Studio Version 17
VisualStudioVersion = 17.4.33122.133
MinimumVisualStudioVersion = 10.0.40219.1
Project("{FAE04EC0-301F-11D3-BF4B-00C04F79EFBC}") = "FizzBuzzLul", "FizzBuzzLul.csproj", "{D30D6F00-AF6C-40AE-821C-361A391510D2}"
EndProject
Global
	GlobalSection(SolutionConfigurationPlatforms) = preSolution
		Debug|Any CPU = Debug|Any CPU
		Release|Any CPU = Release|Any CPU
	EndGlobalSection
	GlobalSection(ProjectConfigurationPlatforms) = postSolution
		{D30D6F00-AF6C-40AE-821C-361A391510D2}.Debug|Any CPU.ActiveCfg = Debug|Any CPU
		{D30D6F00-AF6C-40AE-821C-361A391510D2}.Debug|Any CPU.Build.0 = Debug|Any CPU
		{D30D6F00-AF6C-40AE-821C-361A391510D2}.Release|Any CPU.ActiveCfg = Release|Any CPU
		{D30D6F00-AF6C-40AE-821C-361A391510D2}.Release|Any CPU.Build.0 = Release|Any CPU
	EndGlobalSection
	GlobalSection(SolutionProperties) = preSolution
		HideSolutionNode = FALSE
	EndGlobalSection
	GlobalSection(ExtensibilityGlobals) = postSolution
		SolutionGuid = {703BB68E-8997-4103-B650-02DDB014C821}
	EndGlobalSection
EndGlobal
